
Microsoft Visual Studio Solution File, Format Version 12.00
# Visual Studio Version 17
VisualStudioVersion = 17.5.33502.453
MinimumVisualStudioVersion = 10.0.40219.1
Project("{8BC9CEB8-8B4A-11D0-8D11-00A0C91BC942}") = "latihan1", "latihan1\latihan1.vcxproj", "{CC745FDB-D9CC-42C1-9312-00C514202124}"
EndProject
Project("{8BC9CEB8-8B4A-11D0-8D11-00A0C91BC942}") = "latihan2", "latihan2\latihan2.vcxproj", "{064D49F3-E222-4942-8B77-CB8B2E464AA2}"
EndProject
Global
	GlobalSection(SolutionConfigurationPlatforms) = preSolution
		Debug|x64 = Debug|x64
		Debug|x86 = Debug|x86
		Release|x64 = Release|x64
		Release|x86 = Release|x86
	EndGlobalSection
	GlobalSection(ProjectConfigurationPlatforms) = postSolution
		{CC745FDB-D9CC-42C1-9312-00C514202124}.Debug|x64.ActiveCfg = Debug|x64
		{CC745FDB-D9CC-42C1-9312-00C514202124}.Debug|x64.Build.0 = Debug|x64
		{CC745FDB-D9CC-42C1-9312-00C514202124}.Debug|x86.ActiveCfg = Debug|Win32
		{CC745FDB-D9CC-42C1-9312-00C514202124}.Debug|x86.Build.0 = Debug|Win32
		{CC745FDB-D9CC-42C1-9312-00C514202124}.Release|x64.ActiveCfg = Release|x64
		{CC745FDB-D9CC-42C1-9312-00C514202124}.Release|x64.Build.0 = Release|x64
		{CC745FDB-D9CC-42C1-9312-00C514202124}.Release|x86.ActiveCfg = Release|Win32
		{CC745FDB-D9CC-42C1-9312-00C514202124}.Release|x86.Build.0 = Release|Win32
		{064D49F3-E222-4942-8B77-CB8B2E464AA2}.Debug|x64.ActiveCfg = Debug|x64
		{064D49F3-E222-4942-8B77-CB8B2E464AA2}.Debug|x64.Build.0 = Debug|x64
		{064D49F3-E222-4942-8B77-CB8B2E464AA2}.Debug|x86.ActiveCfg = Debug|Win32
		{064D49F3-E222-4942-8B77-CB8B2E464AA2}.Debug|x86.Build.0 = Debug|Win32
		{064D49F3-E222-4942-8B77-CB8B2E464AA2}.Release|x64.ActiveCfg = Release|x64
		{064D49F3-E222-4942-8B77-CB8B2E464AA2}.Release|x64.Build.0 = Release|x64
		{064D49F3-E222-4942-8B77-CB8B2E464AA2}.Release|x86.ActiveCfg = Release|Win32
		{064D49F3-E222-4942-8B77-CB8B2E464AA2}.Release|x86.Build.0 = Release|Win32
	EndGlobalSection
	GlobalSection(SolutionProperties) = preSolution
		HideSolutionNode = FALSE
	EndGlobalSection
	GlobalSection(ExtensibilityGlobals) = postSolution
		SolutionGuid = {86037BCE-0C35-4892-BC10-B170CEBE5042}
	EndGlobalSection
EndGlobal
